
Microsoft Visual Studio Solution File, Format Version 12.00
# Visual Studio Version 17
VisualStudioVersion = 17.4.33213.308
MinimumVisualStudioVersion = 10.0.40219.1
Project("{FAE04EC0-301F-11D3-BF4B-00C04F79EFBC}") = "WebApplication1", "WebApplication1\WebApplication1.csproj", "{317C4E4F-FCC9-42A2-A0F2-0925877354BC}"
EndProject
Global
	GlobalSection(SolutionConfigurationPlatforms) = preSolution
		Debug|Any CPU = Debug|Any CPU
		Release|Any CPU = Release|Any CPU
	EndGlobalSection
	GlobalSection(ProjectConfigurationPlatforms) = postSolution
		{317C4E4F-FCC9-42A2-A0F2-0925877354BC}.Debug|Any CPU.ActiveCfg = Debug|Any CPU
		{317C4E4F-FCC9-42A2-A0F2-0925877354BC}.Debug|Any CPU.Build.0 = Debug|Any CPU
		{317C4E4F-FCC9-42A2-A0F2-0925877354BC}.Release|Any CPU.ActiveCfg = Release|Any CPU
		{317C4E4F-FCC9-42A2-A0F2-0925877354BC}.Release|Any CPU.Build.0 = Release|Any CPU
	EndGlobalSection
	GlobalSection(SolutionProperties) = preSolution
		HideSolutionNode = FALSE
	EndGlobalSection
	GlobalSection(ExtensibilityGlobals) = postSolution
		SolutionGuid = {E8411577-574E-45E6-A498-DAA567440BD7}
	EndGlobalSection
EndGlobal
